Microsoft Visual Studio Solution File, Format Version 12.00
# Visual Studio Version 17
VisualStudioVersion = 17.5.2.0
MinimumVisualStudioVersion = 10.0.40219.1
Project("{FAE04EC0-301F-11D3-BF4B-00C04F79EFBC}") = "OnlineOrderingW04", "OnlineOrderingW04.csproj", "{D78072FE-6E32-3B7C-AC9D-DDAAA378617E}"
EndProject
Global
	GlobalSection(SolutionConfigurationPlatforms) = preSolution
		Debug|Any CPU = Debug|Any CPU
		Release|Any CPU = Release|Any CPU
	EndGlobalSection
	GlobalSection(ProjectConfigurationPlatforms) = postSolution
		{D78072FE-6E32-3B7C-AC9D-DDAAA378617E}.Debug|Any CPU.ActiveCfg = Debug|Any CPU
		{D78072FE-6E32-3B7C-AC9D-DDAAA378617E}.Debug|Any CPU.Build.0 = Debug|Any CPU
		{D78072FE-6E32-3B7C-AC9D-DDAAA378617E}.Release|Any CPU.ActiveCfg = Release|Any CPU
		{D78072FE-6E32-3B7C-AC9D-DDAAA378617E}.Release|Any CPU.Build.0 = Release|Any CPU
	EndGlobalSection
	GlobalSection(SolutionProperties) = preSolution
		HideSolutionNode = FALSE
	EndGlobalSection
	GlobalSection(ExtensibilityGlobals) = postSolution
		SolutionGuid = {812EB55C-1196-431D-802E-13B25E6B860D}
	EndGlobalSection
EndGlobal
